
Microsoft Visual Studio Solution File, Format Version 12.00
# Visual Studio Version 16
VisualStudioVersion = 16.0.29613.14
MinimumVisualStudioVersion = 10.0.40219.1
Project("{9A19103F-16F7-4668-BE54-9A1E7A4F7556}") = "StreamingClient", "StreamingClient\StreamingClient.csproj", "{4B866617-5DA6-4489-A1C5-4EEB340362FF}"
EndProject
Project("{FAE04EC0-301F-11D3-BF4B-00C04F79EFBC}") = "DCX.DPE.Service.Cache", "DCX.DPE.Service.Cache\DCX.DPE.Service.Cache.csproj", "{330EFA5E-D421-4540-B8BB-7530B99DB37C}"
EndProject
Project("{FAE04EC0-301F-11D3-BF4B-00C04F79EFBC}") = "Common", "Common\Common.csproj", "{6201C22D-B35E-4CA0-9FBB-C49E1FB31B1A}"
EndProject
Global
	GlobalSection(SolutionConfigurationPlatforms) = preSolution
		Debug|Any CPU = Debug|Any CPU
		Release|Any CPU = Release|Any CPU
	EndGlobalSection
	GlobalSection(ProjectConfigurationPlatforms) = postSolution
		{4B866617-5DA6-4489-A1C5-4EEB340362FF}.Debug|Any CPU.ActiveCfg = Debug|Any CPU
		{4B866617-5DA6-4489-A1C5-4EEB340362FF}.Debug|Any CPU.Build.0 = Debug|Any CPU
		{4B866617-5DA6-4489-A1C5-4EEB340362FF}.Release|Any CPU.ActiveCfg = Release|Any CPU
		{4B866617-5DA6-4489-A1C5-4EEB340362FF}.Release|Any CPU.Build.0 = Release|Any CPU
		{330EFA5E-D421-4540-B8BB-7530B99DB37C}.Debug|Any CPU.ActiveCfg = Debug|Any CPU
		{330EFA5E-D421-4540-B8BB-7530B99DB37C}.Debug|Any CPU.Build.0 = Debug|Any CPU
		{330EFA5E-D421-4540-B8BB-7530B99DB37C}.Release|Any CPU.ActiveCfg = Release|Any CPU
		{330EFA5E-D421-4540-B8BB-7530B99DB37C}.Release|Any CPU.Build.0 = Release|Any CPU
		{6201C22D-B35E-4CA0-9FBB-C49E1FB31B1A}.Debug|Any CPU.ActiveCfg = Debug|Any CPU
		{6201C22D-B35E-4CA0-9FBB-C49E1FB31B1A}.Debug|Any CPU.Build.0 = Debug|Any CPU
		{6201C22D-B35E-4CA0-9FBB-C49E1FB31B1A}.Release|Any CPU.ActiveCfg = Release|Any CPU
		{6201C22D-B35E-4CA0-9FBB-C49E1FB31B1A}.Release|Any CPU.Build.0 = Release|Any CPU
	EndGlobalSection
	GlobalSection(SolutionProperties) = preSolution
		HideSolutionNode = FALSE
	EndGlobalSection
	GlobalSection(ExtensibilityGlobals) = postSolution
		SolutionGuid = {D99B4B54-EEF3-4C9B-9D08-8004060632AE}
	EndGlobalSection
EndGlobal
